
Microsoft Visual Studio Solution File, Format Version 12.00
# Visual Studio Version 17
VisualStudioVersion = 17.8.34330.188
MinimumVisualStudioVersion = 10.0.40219.1
Project("{9A19103F-16F7-4668-BE54-9A1E7A4F7556}") = "Catalog.Api", "Catalog.Api\Catalog.Api.csproj", "{76072196-ED2F-4FB1-BD48-A2DE2FEBC53C}"
EndProject
Project("{2150E333-8FDC-42A3-9474-1A3956D46DE8}") = "Services", "Services", "{84FB3DFE-D647-42DD-B4D0-5DD0FD120F6C}"
EndProject
Project("{2150E333-8FDC-42A3-9474-1A3956D46DE8}") = "Building Blocks", "Building Blocks", "{49C9B32A-7F0A-4A5B-9E58-315A620B2ADA}"
EndProject
Project("{9A19103F-16F7-4668-BE54-9A1E7A4F7556}") = "BuildingBlocks", "BuildingBlocks\BuildingBlocks.csproj", "{89228D68-AC05-4A38-B636-C292DC547935}"
EndProject
Project("{2150E333-8FDC-42A3-9474-1A3956D46DE8}") = "Catalog", "Catalog", "{D2AD5ACF-5F05-4C49-A83A-6C8A2C0106BC}"
EndProject
Project("{E53339B2-1760-4266-BCC7-CA923CBCF16C}") = "docker-compose", "docker-compose.dcproj", "{816C4459-A2B5-4C4A-88E2-2C1D1DA5BD54}"
EndProject
Project("{2150E333-8FDC-42A3-9474-1A3956D46DE8}") = "Basket", "Basket", "{353D7F25-7ACC-4F03-B2C9-79984CA91C28}"
EndProject
Project("{9A19103F-16F7-4668-BE54-9A1E7A4F7556}") = "Basket.Api", "Basket.Api\Basket.Api.csproj", "{4A348BB0-AA59-466A-B642-8AA9B0705139}"
EndProject
Project("{2150E333-8FDC-42A3-9474-1A3956D46DE8}") = "Discount", "Discount", "{34B28858-5ED4-4F2E-84EA-DA30943E7F01}"
EndProject
Project("{9A19103F-16F7-4668-BE54-9A1E7A4F7556}") = "Discount.Grpc", "Discount.Grpc\Discount.Grpc.csproj", "{B2504116-6846-4168-861F-4F867B412B5A}"
EndProject
Project("{2150E333-8FDC-42A3-9474-1A3956D46DE8}") = "Ordering", "Ordering", "{59594E59-4AE5-4428-8A9A-748E05E94202}"
EndProject
Project("{9A19103F-16F7-4668-BE54-9A1E7A4F7556}") = "Ordering.Api", "Ordering.Api\Ordering.Api.csproj", "{23D1FE31-0254-4003-B40F-11C9E1F55D91}"
EndProject
Project("{9A19103F-16F7-4668-BE54-9A1E7A4F7556}") = "Ordering.Application", "Ordering.Application\Ordering.Application.csproj", "{0FB60A08-659B-4366-A92E-691563359411}"
EndProject
Project("{9A19103F-16F7-4668-BE54-9A1E7A4F7556}") = "Ordering.Domain", "Ordering.Domain\Ordering.Domain.csproj", "{2B912F0E-C07C-402B-8B57-4E3A7A48E60F}"
EndProject
Project("{9A19103F-16F7-4668-BE54-9A1E7A4F7556}") = "Ordering.Infrastructure", "Ordering.Infrastructure\Ordering.Infrastructure.csproj", "{B898FB3E-34F4-4A3B-9EDB-2560E50228C2}"
EndProject
Project("{9A19103F-16F7-4668-BE54-9A1E7A4F7556}") = "BuildingBlocks.Messaging", "BuildingBlocks.Messages\BuildingBlocks.Messaging.csproj", "{FC55DF83-CE99-4168-BCC3-DFA62546AC6F}"
EndProject
Project("{2150E333-8FDC-42A3-9474-1A3956D46DE8}") = "ApiGateways", "ApiGateways", "{2F49ABF1-9F2F-4630-AF9A-79042CAFBA94}"
EndProject
Project("{FAE04EC0-301F-11D3-BF4B-00C04F79EFBC}") = "YarpApiGateway", "YarpApiGateway\YarpApiGateway.csproj", "{75155830-C0EB-47C8-9616-9BBB46D5F22B}"
EndProject
Global
	GlobalSection(SolutionConfigurationPlatforms) = preSolution
		Debug|Any CPU = Debug|Any CPU
		Release|Any CPU = Release|Any CPU
	EndGlobalSection
	GlobalSection(ProjectConfigurationPlatforms) = postSolution
		{76072196-ED2F-4FB1-BD48-A2DE2FEBC53C}.Debug|Any CPU.ActiveCfg = Debug|Any CPU
		{76072196-ED2F-4FB1-BD48-A2DE2FEBC53C}.Debug|Any CPU.Build.0 = Debug|Any CPU
		{76072196-ED2F-4FB1-BD48-A2DE2FEBC53C}.Release|Any CPU.ActiveCfg = Release|Any CPU
		{76072196-ED2F-4FB1-BD48-A2DE2FEBC53C}.Release|Any CPU.Build.0 = Release|Any CPU
		{89228D68-AC05-4A38-B636-C292DC547935}.Debug|Any CPU.ActiveCfg = Debug|Any CPU
		{89228D68-AC05-4A38-B636-C292DC547935}.Debug|Any CPU.Build.0 = Debug|Any CPU
		{89228D68-AC05-4A38-B636-C292DC547935}.Release|Any CPU.ActiveCfg = Release|Any CPU
		{89228D68-AC05-4A38-B636-C292DC547935}.Release|Any CPU.Build.0 = Release|Any CPU
		{816C4459-A2B5-4C4A-88E2-2C1D1DA5BD54}.Debug|Any CPU.ActiveCfg = Debug|Any CPU
		{816C4459-A2B5-4C4A-88E2-2C1D1DA5BD54}.Debug|Any CPU.Build.0 = Debug|Any CPU
		{816C4459-A2B5-4C4A-88E2-2C1D1DA5BD54}.Release|Any CPU.ActiveCfg = Release|Any CPU
		{816C4459-A2B5-4C4A-88E2-2C1D1DA5BD54}.Release|Any CPU.Build.0 = Release|Any CPU
		{4A348BB0-AA59-466A-B642-8AA9B0705139}.Debug|Any CPU.ActiveCfg = Debug|Any CPU
		{4A348BB0-AA59-466A-B642-8AA9B0705139}.Debug|Any CPU.Build.0 = Debug|Any CPU
		{4A348BB0-AA59-466A-B642-8AA9B0705139}.Release|Any CPU.ActiveCfg = Release|Any CPU
		{4A348BB0-AA59-466A-B642-8AA9B0705139}.Release|Any CPU.Build.0 = Release|Any CPU
		{B2504116-6846-4168-861F-4F867B412B5A}.Debug|Any CPU.ActiveCfg = Debug|Any CPU
		{B2504116-6846-4168-861F-4F867B412B5A}.Debug|Any CPU.Build.0 = Debug|Any CPU
		{B2504116-6846-4168-861F-4F867B412B5A}.Release|Any CPU.ActiveCfg = Release|Any CPU
		{B2504116-6846-4168-861F-4F867B412B5A}.Release|Any CPU.Build.0 = Release|Any CPU
		{23D1FE31-0254-4003-B40F-11C9E1F55D91}.Debug|Any CPU.ActiveCfg = Debug|Any CPU
		{23D1FE31-0254-4003-B40F-11C9E1F55D91}.Debug|Any CPU.Build.0 = Debug|Any CPU
		{23D1FE31-0254-4003-B40F-11C9E1F55D91}.Release|Any CPU.ActiveCfg = Release|Any CPU
		{23D1FE31-0254-4003-B40F-11C9E1F55D91}.Release|Any CPU.Build.0 = Release|Any CPU
		{0FB60A08-659B-4366-A92E-691563359411}.Debug|Any CPU.ActiveCfg = Debug|Any CPU
		{0FB60A08-659B-4366-A92E-691563359411}.Debug|Any CPU.Build.0 = Debug|Any CPU
		{0FB60A08-659B-4366-A92E-691563359411}.Release|Any CPU.ActiveCfg = Release|Any CPU
		{0FB60A08-659B-4366-A92E-691563359411}.Release|Any CPU.Build.0 = Release|Any CPU
		{2B912F0E-C07C-402B-8B57-4E3A7A48E60F}.Debug|Any CPU.ActiveCfg = Debug|Any CPU
		{2B912F0E-C07C-402B-8B57-4E3A7A48E60F}.Debug|Any CPU.Build.0 = Debug|Any CPU
		{2B912F0E-C07C-402B-8B57-4E3A7A48E60F}.Release|Any CPU.ActiveCfg = Release|Any CPU
		{2B912F0E-C07C-402B-8B57-4E3A7A48E60F}.Release|Any CPU.Build.0 = Release|Any CPU
		{B898FB3E-34F4-4A3B-9EDB-2560E50228C2}.Debug|Any CPU.ActiveCfg = Debug|Any CPU
		{B898FB3E-34F4-4A3B-9EDB-2560E50228C2}.Debug|Any CPU.Build.0 = Debug|Any CPU
		{B898FB3E-34F4-4A3B-9EDB-2560E50228C2}.Release|Any CPU.ActiveCfg = Release|Any CPU
		{B898FB3E-34F4-4A3B-9EDB-2560E50228C2}.Release|Any CPU.Build.0 = Release|Any CPU
		{FC55DF83-CE99-4168-BCC3-DFA62546AC6F}.Debug|Any CPU.ActiveCfg = Debug|Any CPU
		{FC55DF83-CE99-4168-BCC3-DFA62546AC6F}.Debug|Any CPU.Build.0 = Debug|Any CPU
		{FC55DF83-CE99-4168-BCC3-DFA62546AC6F}.Release|Any CPU.ActiveCfg = Release|Any CPU
		{FC55DF83-CE99-4168-BCC3-DFA62546AC6F}.Release|Any CPU.Build.0 = Release|Any CPU
		{75155830-C0EB-47C8-9616-9BBB46D5F22B}.Debug|Any CPU.ActiveCfg = Debug|Any CPU
		{75155830-C0EB-47C8-9616-9BBB46D5F22B}.Debug|Any CPU.Build.0 = Debug|Any CPU
		{75155830-C0EB-47C8-9616-9BBB46D5F22B}.Release|Any CPU.ActiveCfg = Release|Any CPU
		{75155830-C0EB-47C8-9616-9BBB46D5F22B}.Release|Any CPU.Build.0 = Release|Any CPU
	EndGlobalSection
	GlobalSection(SolutionProperties) = preSolution
		HideSolutionNode = FALSE
	EndGlobalSection
	GlobalSection(NestedProjects) = preSolution
		{76072196-ED2F-4FB1-BD48-A2DE2FEBC53C} = {D2AD5ACF-5F05-4C49-A83A-6C8A2C0106BC}
		{89228D68-AC05-4A38-B636-C292DC547935} = {49C9B32A-7F0A-4A5B-9E58-315A620B2ADA}
		{D2AD5ACF-5F05-4C49-A83A-6C8A2C0106BC} = {84FB3DFE-D647-42DD-B4D0-5DD0FD120F6C}
		{353D7F25-7ACC-4F03-B2C9-79984CA91C28} = {84FB3DFE-D647-42DD-B4D0-5DD0FD120F6C}
		{4A348BB0-AA59-466A-B642-8AA9B0705139} = {353D7F25-7ACC-4F03-B2C9-79984CA91C28}
		{34B28858-5ED4-4F2E-84EA-DA30943E7F01} = {84FB3DFE-D647-42DD-B4D0-5DD0FD120F6C}
		{B2504116-6846-4168-861F-4F867B412B5A} = {34B28858-5ED4-4F2E-84EA-DA30943E7F01}
		{59594E59-4AE5-4428-8A9A-748E05E94202} = {84FB3DFE-D647-42DD-B4D0-5DD0FD120F6C}
		{23D1FE31-0254-4003-B40F-11C9E1F55D91} = {59594E59-4AE5-4428-8A9A-748E05E94202}
		{0FB60A08-659B-4366-A92E-691563359411} = {59594E59-4AE5-4428-8A9A-748E05E94202}
		{2B912F0E-C07C-402B-8B57-4E3A7A48E60F} = {59594E59-4AE5-4428-8A9A-748E05E94202}
		{B898FB3E-34F4-4A3B-9EDB-2560E50228C2} = {59594E59-4AE5-4428-8A9A-748E05E94202}
		{FC55DF83-CE99-4168-BCC3-DFA62546AC6F} = {49C9B32A-7F0A-4A5B-9E58-315A620B2ADA}
		{75155830-C0EB-47C8-9616-9BBB46D5F22B} = {2F49ABF1-9F2F-4630-AF9A-79042CAFBA94}
	EndGlobalSection
	GlobalSection(ExtensibilityGlobals) = postSolution
		SolutionGuid = {984F47B6-5113-45AE-80BD-32D02160140C}
	EndGlobalSection
EndGlobal
